
Microsoft Visual Studio Solution File, Format Version 12.00
# Visual Studio Version 16
VisualStudioVersion = 16.0.29509.3
MinimumVisualStudioVersion = 10.0.40219.1
Project("{8BC9CEB8-8B4A-11D0-8D11-00A0C91BC942}") = "Main task №1", "Main task №1\Main task №1.vcxproj", "{3149B341-BA8C-4E19-BBA1-3C76000EC868}"
EndProject
Project("{2150E333-8FDC-42A3-9474-1A3956D46DE8}") = "Дополнительные задания", "Дополнительные задания", "{618E38E5-2943-4245-892E-1B5207E54251}"
EndProject
Project("{8BC9CEB8-8B4A-11D0-8D11-00A0C91BC942}") = "Extra task №2", "Extra task №2\Extra task №2.vcxproj", "{FB97A678-2484-4222-8B62-B483CDDC976C}"
EndProject
Project("{8BC9CEB8-8B4A-11D0-8D11-00A0C91BC942}") = "Extra task №3", "Extra task №3\Extra task №3.vcxproj", "{7D4EC949-B254-4600-93AC-63D16698AC8E}"
EndProject
Project("{8BC9CEB8-8B4A-11D0-8D11-00A0C91BC942}") = "Extra task №1", "Extra task №1\Extra task №1.vcxproj", "{7670C4E5-B184-4CC9-8B1D-FCC61D3C259D}"
EndProject
Project("{2150E333-8FDC-42A3-9474-1A3956D46DE8}") = "Extra task №1 full", "Extra task №1 full", "{B19DC7E7-2480-409E-812B-DA571E8508AE}"
EndProject
Project("{8BC9CEB8-8B4A-11D0-8D11-00A0C91BC942}") = "Extra task №1.1", "Extra task №1.1\Extra task №1.1.vcxproj", "{056FD03F-3FDC-4CA5-90D7-140814FF23AC}"
EndProject
Project("{8BC9CEB8-8B4A-11D0-8D11-00A0C91BC942}") = "Extra task №1.2", "Extra task №1.2\Extra task №1.2.vcxproj", "{4EB1A72D-8365-408E-92BD-9F295012905E}"
EndProject
Project("{8BC9CEB8-8B4A-11D0-8D11-00A0C91BC942}") = "Extra task №1.3", "Extra task №1.3\Extra task №1.3.vcxproj", "{122B55E7-EF3E-45CE-AD25-D5A6570F6629}"
EndProject
Global
	GlobalSection(SolutionConfigurationPlatforms) = preSolution
		Debug|x64 = Debug|x64
		Debug|x86 = Debug|x86
		Release|x64 = Release|x64
		Release|x86 = Release|x86
	EndGlobalSection
	GlobalSection(ProjectConfigurationPlatforms) = postSolution
		{3149B341-BA8C-4E19-BBA1-3C76000EC868}.Debug|x64.ActiveCfg = Debug|x64
		{3149B341-BA8C-4E19-BBA1-3C76000EC868}.Debug|x64.Build.0 = Debug|x64
		{3149B341-BA8C-4E19-BBA1-3C76000EC868}.Debug|x86.ActiveCfg = Debug|Win32
		{3149B341-BA8C-4E19-BBA1-3C76000EC868}.Debug|x86.Build.0 = Debug|Win32
		{3149B341-BA8C-4E19-BBA1-3C76000EC868}.Release|x64.ActiveCfg = Release|x64
		{3149B341-BA8C-4E19-BBA1-3C76000EC868}.Release|x64.Build.0 = Release|x64
		{3149B341-BA8C-4E19-BBA1-3C76000EC868}.Release|x86.ActiveCfg = Release|Win32
		{3149B341-BA8C-4E19-BBA1-3C76000EC868}.Release|x86.Build.0 = Release|Win32
		{FB97A678-2484-4222-8B62-B483CDDC976C}.Debug|x64.ActiveCfg = Debug|x64
		{FB97A678-2484-4222-8B62-B483CDDC976C}.Debug|x64.Build.0 = Debug|x64
		{FB97A678-2484-4222-8B62-B483CDDC976C}.Debug|x86.ActiveCfg = Debug|Win32
		{FB97A678-2484-4222-8B62-B483CDDC976C}.Debug|x86.Build.0 = Debug|Win32
		{FB97A678-2484-4222-8B62-B483CDDC976C}.Release|x64.ActiveCfg = Release|x64
		{FB97A678-2484-4222-8B62-B483CDDC976C}.Release|x64.Build.0 = Release|x64
		{FB97A678-2484-4222-8B62-B483CDDC976C}.Release|x86.ActiveCfg = Release|Win32
		{FB97A678-2484-4222-8B62-B483CDDC976C}.Release|x86.Build.0 = Release|Win32
		{7D4EC949-B254-4600-93AC-63D16698AC8E}.Debug|x64.ActiveCfg = Debug|x64
		{7D4EC949-B254-4600-93AC-63D16698AC8E}.Debug|x64.Build.0 = Debug|x64
		{7D4EC949-B254-4600-93AC-63D16698AC8E}.Debug|x86.ActiveCfg = Debug|Win32
		{7D4EC949-B254-4600-93AC-63D16698AC8E}.Debug|x86.Build.0 = Debug|Win32
		{7D4EC949-B254-4600-93AC-63D16698AC8E}.Release|x64.ActiveCfg = Release|x64
		{7D4EC949-B254-4600-93AC-63D16698AC8E}.Release|x64.Build.0 = Release|x64
		{7D4EC949-B254-4600-93AC-63D16698AC8E}.Release|x86.ActiveCfg = Release|Win32
		{7D4EC949-B254-4600-93AC-63D16698AC8E}.Release|x86.Build.0 = Release|Win32
		{7670C4E5-B184-4CC9-8B1D-FCC61D3C259D}.Debug|x64.ActiveCfg = Debug|x64
		{7670C4E5-B184-4CC9-8B1D-FCC61D3C259D}.Debug|x64.Build.0 = Debug|x64
		{7670C4E5-B184-4CC9-8B1D-FCC61D3C259D}.Debug|x86.ActiveCfg = Debug|Win32
		{7670C4E5-B184-4CC9-8B1D-FCC61D3C259D}.Debug|x86.Build.0 = Debug|Win32
		{7670C4E5-B184-4CC9-8B1D-FCC61D3C259D}.Release|x64.ActiveCfg = Release|x64
		{7670C4E5-B184-4CC9-8B1D-FCC61D3C259D}.Release|x64.Build.0 = Release|x64
		{7670C4E5-B184-4CC9-8B1D-FCC61D3C259D}.Release|x86.ActiveCfg = Release|Win32
		{7670C4E5-B184-4CC9-8B1D-FCC61D3C259D}.Release|x86.Build.0 = Release|Win32
		{056FD03F-3FDC-4CA5-90D7-140814FF23AC}.Debug|x64.ActiveCfg = Debug|x64
		{056FD03F-3FDC-4CA5-90D7-140814FF23AC}.Debug|x64.Build.0 = Debug|x64
		{056FD03F-3FDC-4CA5-90D7-140814FF23AC}.Debug|x86.ActiveCfg = Debug|Win32
		{056FD03F-3FDC-4CA5-90D7-140814FF23AC}.Debug|x86.Build.0 = Debug|Win32
		{056FD03F-3FDC-4CA5-90D7-140814FF23AC}.Release|x64.ActiveCfg = Release|x64
		{056FD03F-3FDC-4CA5-90D7-140814FF23AC}.Release|x64.Build.0 = Release|x64
		{056FD03F-3FDC-4CA5-90D7-140814FF23AC}.Release|x86.ActiveCfg = Release|Win32
		{056FD03F-3FDC-4CA5-90D7-140814FF23AC}.Release|x86.Build.0 = Release|Win32
		{4EB1A72D-8365-408E-92BD-9F295012905E}.Debug|x64.ActiveCfg = Debug|x64
		{4EB1A72D-8365-408E-92BD-9F295012905E}.Debug|x64.Build.0 = Debug|x64
		{4EB1A72D-8365-408E-92BD-9F295012905E}.Debug|x86.ActiveCfg = Debug|Win32
		{4EB1A72D-8365-408E-92BD-9F295012905E}.Debug|x86.Build.0 = Debug|Win32
		{4EB1A72D-8365-408E-92BD-9F295012905E}.Release|x64.ActiveCfg = Release|x64
		{4EB1A72D-8365-408E-92BD-9F295012905E}.Release|x64.Build.0 = Release|x64
		{4EB1A72D-8365-408E-92BD-9F295012905E}.Release|x86.ActiveCfg = Release|Win32
		{4EB1A72D-8365-408E-92BD-9F295012905E}.Release|x86.Build.0 = Release|Win32
		{122B55E7-EF3E-45CE-AD25-D5A6570F6629}.Debug|x64.ActiveCfg = Debug|x64
		{122B55E7-EF3E-45CE-AD25-D5A6570F6629}.Debug|x64.Build.0 = Debug|x64
		{122B55E7-EF3E-45CE-AD25-D5A6570F6629}.Debug|x86.ActiveCfg = Debug|Win32
		{122B55E7-EF3E-45CE-AD25-D5A6570F6629}.Debug|x86.Build.0 = Debug|Win32
		{122B55E7-EF3E-45CE-AD25-D5A6570F6629}.Release|x64.ActiveCfg = Release|x64
		{122B55E7-EF3E-45CE-AD25-D5A6570F6629}.Release|x64.Build.0 = Release|x64
		{122B55E7-EF3E-45CE-AD25-D5A6570F6629}.Release|x86.ActiveCfg = Release|Win32
		{122B55E7-EF3E-45CE-AD25-D5A6570F6629}.Release|x86.Build.0 = Release|Win32
	EndGlobalSection
	GlobalSection(SolutionProperties) = preSolution
		HideSolutionNode = FALSE
	EndGlobalSection
	GlobalSection(NestedProjects) = preSolution
		{FB97A678-2484-4222-8B62-B483CDDC976C} = {618E38E5-2943-4245-892E-1B5207E54251}
		{7D4EC949-B254-4600-93AC-63D16698AC8E} = {618E38E5-2943-4245-892E-1B5207E54251}
		{7670C4E5-B184-4CC9-8B1D-FCC61D3C259D} = {B19DC7E7-2480-409E-812B-DA571E8508AE}
		{B19DC7E7-2480-409E-812B-DA571E8508AE} = {618E38E5-2943-4245-892E-1B5207E54251}
		{056FD03F-3FDC-4CA5-90D7-140814FF23AC} = {B19DC7E7-2480-409E-812B-DA571E8508AE}
		{4EB1A72D-8365-408E-92BD-9F295012905E} = {B19DC7E7-2480-409E-812B-DA571E8508AE}
		{122B55E7-EF3E-45CE-AD25-D5A6570F6629} = {B19DC7E7-2480-409E-812B-DA571E8508AE}
	EndGlobalSection
	GlobalSection(ExtensibilityGlobals) = postSolution
		SolutionGuid = {B3C6CC37-A8C7-41A3-9DC4-22769A4EE645}
	EndGlobalSection
EndGlobal
